// !$*UTF8*$!
{
	archiveVersion = 1;
	classes = {
	};
	objectVersion = 56;
	objects = {

/* Begin PBXBuildFile section */
		14616AD929C01194005783D9 /* RickAndMortyTests.swift in Sources */ = {isa = PBXBuildFile; fileRef = 14616AD829C01194005783D9 /* RickAndMortyTests.swift */; };
		14616AE029C0124E005783D9 /* HomeViewModelTests.swift in Sources */ = {isa = PBXBuildFile; fileRef = 14616ADF29C0124E005783D9 /* HomeViewModelTests.swift */; };
		14F6D8AD29BCBCEB00014632 /* AppDelegate.swift in Sources */ = {isa = PBXBuildFile; fileRef = 14F6D8AC29BCBCEB00014632 /* AppDelegate.swift */; };
		14F6D8AF29BCBCEB00014632 /* SceneDelegate.swift in Sources */ = {isa = PBXBuildFile; fileRef = 14F6D8AE29BCBCEB00014632 /* SceneDelegate.swift */; };
		14F6D8B129BCBCEB00014632 /* HomeViewController.swift in Sources */ = {isa = PBXBuildFile; fileRef = 14F6D8B029BCBCEB00014632 /* HomeViewController.swift */; };
		14F6D8B629BCBCED00014632 /* Assets.xcassets in Resources */ = {isa = PBXBuildFile; fileRef = 14F6D8B529BCBCED00014632 /* Assets.xcassets */; };
		14F6D8B929BCBCED00014632 /* LaunchScreen.storyboard in Resources */ = {isa = PBXBuildFile; fileRef = 14F6D8B729BCBCED00014632 /* LaunchScreen.storyboard */; };
		14F6D8C329BCC1EB00014632 /* HomeScreen.swift in Sources */ = {isa = PBXBuildFile; fileRef = 14F6D8C229BCC1EB00014632 /* HomeScreen.swift */; };
		14F6D8CB29BCCB4800014632 /* ImageInNavigation.swift in Sources */ = {isa = PBXBuildFile; fileRef = 14F6D8CA29BCCB4800014632 /* ImageInNavigation.swift */; };
		14F6D8CE29BCCCCA00014632 /* CharactersCollectionViewCell.swift in Sources */ = {isa = PBXBuildFile; fileRef = 14F6D8CD29BCCCCA00014632 /* CharactersCollectionViewCell.swift */; };
		14F6D8D629BD209200014632 /* BackgroundImage.swift in Sources */ = {isa = PBXBuildFile; fileRef = 14F6D8D529BD209200014632 /* BackgroundImage.swift */; };
		14F6D8D829BD22A000014632 /* ButtonShadow.swift in Sources */ = {isa = PBXBuildFile; fileRef = 14F6D8D729BD22A000014632 /* ButtonShadow.swift */; };
		14F6D8DB29BD245E00014632 /* DetailViewController.swift in Sources */ = {isa = PBXBuildFile; fileRef = 14F6D8DA29BD245E00014632 /* DetailViewController.swift */; };
		14F6D8DD29BD247100014632 /* DetailScreen.swift in Sources */ = {isa = PBXBuildFile; fileRef = 14F6D8DC29BD247100014632 /* DetailScreen.swift */; };
		14F6D8DF29BF595400014632 /* HomeService.swift in Sources */ = {isa = PBXBuildFile; fileRef = 14F6D8DE29BF595400014632 /* HomeService.swift */; };
		14F6D8E229BF5A6B00014632 /* CharacterModel.swift in Sources */ = {isa = PBXBuildFile; fileRef = 14F6D8E129BF5A6B00014632 /* CharacterModel.swift */; };
		14F6D8E429BF5DA200014632 /* HomeModel.swift in Sources */ = {isa = PBXBuildFile; fileRef = 14F6D8E329BF5DA200014632 /* HomeModel.swift */; };
		14F6D8E629BF5DE200014632 /* InfoCharactersModel.swift in Sources */ = {isa = PBXBuildFile; fileRef = 14F6D8E529BF5DE200014632 /* InfoCharactersModel.swift */; };
		14F6D8E929BF5F9C00014632 /* Constants.swift in Sources */ = {isa = PBXBuildFile; fileRef = 14F6D8E829BF5F9C00014632 /* Constants.swift */; };
		14F6D8EB29BF608F00014632 /* HomeViewModel.swift in Sources */ = {isa = PBXBuildFile; fileRef = 14F6D8EA29BF608F00014632 /* HomeViewModel.swift */; };
		14F6D8ED29BF64F800014632 /* ImageLoader.swift in Sources */ = {isa = PBXBuildFile; fileRef = 14F6D8EC29BF64F800014632 /* ImageLoader.swift */; };
		14F6D8EF29BF69A400014632 /* DetailViewModel.swift in Sources */ = {isa = PBXBuildFile; fileRef = 14F6D8EE29BF69A400014632 /* DetailViewModel.swift */; };
		14F6D93029BF9CDF00014632 /* ViewCodable.swift in Sources */ = {isa = PBXBuildFile; fileRef = 14F6D92F29BF9CDF00014632 /* ViewCodable.swift */; };
/* End PBXBuildFile section */

/* Begin PBXContainerItemProxy section */
		14616ADA29C01194005783D9 /* PBXContainerItemProxy */ = {
			isa = PBXContainerItemProxy;
			containerPortal = 14F6D8A129BCBCEB00014632 /* Project object */;
			proxyType = 1;
			remoteGlobalIDString = 14F6D8A829BCBCEB00014632;
			remoteInfo = RickAndMorty;
		};
/* End PBXContainerItemProxy section */

/* Begin PBXFileReference section */
		14616AD629C01194005783D9 /* RickAndMortyTests.xctest */ = {isa = PBXFileReference; explicitFileType = wrapper.cfbundle; includeInIndex = 0; path = RickAndMortyTests.xctest; sourceTree = BUILT_PRODUCTS_DIR; };
		14616AD829C01194005783D9 /* RickAndMortyTests.swift */ = {isa = PBXFileReference; lastKnownFileType = sourcecode.swift; path = RickAndMortyTests.swift; sourceTree = "<group>"; };
		14616ADF29C0124E005783D9 /* HomeViewModelTests.swift */ = {isa = PBXFileReference; lastKnownFileType = sourcecode.swift; path = HomeViewModelTests.swift; sourceTree = "<group>"; };
		14F6D8A929BCBCEB00014632 /* RickAndMorty.app */ = {isa = PBXFileReference; explicitFileType = wrapper.application; includeInIndex = 0; path = RickAndMorty.app; sourceTree = BUILT_PRODUCTS_DIR; };
		14F6D8AC29BCBCEB00014632 /* AppDelegate.swift */ = {isa = PBXFileReference; lastKnownFileType = sourcecode.swift; path = AppDelegate.swift; sourceTree = "<group>"; };
		14F6D8AE29BCBCEB00014632 /* SceneDelegate.swift */ = {isa = PBXFileReference; lastKnownFileType = sourcecode.swift; path = SceneDelegate.swift; sourceTree = "<group>"; };
		14F6D8B029BCBCEB00014632 /* HomeViewController.swift */ = {isa = PBXFileReference; lastKnownFileType = sourcecode.swift; path = HomeViewController.swift; sourceTree = "<group>"; };
		14F6D8B529BCBCED00014632 /* Assets.xcassets */ = {isa = PBXFileReference; lastKnownFileType = folder.assetcatalog; path = Assets.xcassets; sourceTree = "<group>"; };
		14F6D8B829BCBCED00014632 /* Base */ = {isa = PBXFileReference; lastKnownFileType = file.storyboard; name = Base; path = Base.lproj/LaunchScreen.storyboard; sourceTree = "<group>"; };
		14F6D8BA29BCBCED00014632 /* Info.plist */ = {isa = PBXFileReference; lastKnownFileType = text.plist.xml; path = Info.plist; sourceTree = "<group>"; };
		14F6D8C229BCC1EB00014632 /* HomeScreen.swift */ = {isa = PBXFileReference; lastKnownFileType = sourcecode.swift; path = HomeScreen.swift; sourceTree = "<group>"; };
		14F6D8CA29BCCB4800014632 /* ImageInNavigation.swift */ = {isa = PBXFileReference; lastKnownFileType = sourcecode.swift; path = ImageInNavigation.swift; sourceTree = "<group>"; };
		14F6D8CD29BCCCCA00014632 /* CharactersCollectionViewCell.swift */ = {isa = PBXFileReference; lastKnownFileType = sourcecode.swift; path = CharactersCollectionViewCell.swift; sourceTree = "<group>"; };
		14F6D8D529BD209200014632 /* BackgroundImage.swift */ = {isa = PBXFileReference; lastKnownFileType = sourcecode.swift; path = BackgroundImage.swift; sourceTree = "<group>"; };
		14F6D8D729BD22A000014632 /* ButtonShadow.swift */ = {isa = PBXFileReference; lastKnownFileType = sourcecode.swift; path = ButtonShadow.swift; sourceTree = "<group>"; };
		14F6D8DA29BD245E00014632 /* DetailViewController.swift */ = {isa = PBXFileReference; lastKnownFileType = sourcecode.swift; path = DetailViewController.swift; sourceTree = "<group>"; };
		14F6D8DC29BD247100014632 /* DetailScreen.swift */ = {isa = PBXFileReference; lastKnownFileType = sourcecode.swift; path = DetailScreen.swift; sourceTree = "<group>"; };
		14F6D8DE29BF595400014632 /* HomeService.swift */ = {isa = PBXFileReference; lastKnownFileType = sourcecode.swift; path = HomeService.swift; sourceTree = "<group>"; };
		14F6D8E129BF5A6B00014632 /* CharacterModel.swift */ = {isa = PBXFileReference; lastKnownFileType = sourcecode.swift; path = CharacterModel.swift; sourceTree = "<group>"; };
		14F6D8E329BF5DA200014632 /* HomeModel.swift */ = {isa = PBXFileReference; lastKnownFileType = sourcecode.swift; path = HomeModel.swift; sourceTree = "<group>"; };
		14F6D8E529BF5DE200014632 /* InfoCharactersModel.swift */ = {isa = PBXFileReference; lastKnownFileType = sourcecode.swift; path = InfoCharactersModel.swift; sourceTree = "<group>"; };
		14F6D8E829BF5F9C00014632 /* Constants.swift */ = {isa = PBXFileReference; lastKnownFileType = sourcecode.swift; path = Constants.swift; sourceTree = "<group>"; };
		14F6D8EA29BF608F00014632 /* HomeViewModel.swift */ = {isa = PBXFileReference; lastKnownFileType = sourcecode.swift; path = HomeViewModel.swift; sourceTree = "<group>"; };
		14F6D8EC29BF64F800014632 /* ImageLoader.swift */ = {isa = PBXFileReference; lastKnownFileType = sourcecode.swift; path = ImageLoader.swift; sourceTree = "<group>"; };
		14F6D8EE29BF69A400014632 /* DetailViewModel.swift */ = {isa = PBXFileReference; lastKnownFileType = sourcecode.swift; path = DetailViewModel.swift; sourceTree = "<group>"; };
		14F6D92F29BF9CDF00014632 /* ViewCodable.swift */ = {isa = PBXFileReference; fileEncoding = 4; lastKnownFileType = sourcecode.swift; path = ViewCodable.swift; sourceTree = "<group>"; };
/* End PBXFileReference section */

/* Begin PBXFrameworksBuildPhase section */
		14616AD329C01194005783D9 /* Frameworks */ = {
			isa = PBXFrameworksBuildPhase;
			buildActionMask = 2147483647;
			files = (
			);
			runOnlyForDeploymentPostprocessing = 0;
		};
		14F6D8A629BCBCEB00014632 /* Frameworks */ = {
			isa = PBXFrameworksBuildPhase;
			buildActionMask = 2147483647;
			files = (
			);
			runOnlyForDeploymentPostprocessing = 0;
		};
/* End PBXFrameworksBuildPhase section */

/* Begin PBXGroup section */
		14616AD729C01194005783D9 /* RickAndMortyTests */ = {
			isa = PBXGroup;
			children = (
				14616AD829C01194005783D9 /* RickAndMortyTests.swift */,
				14616ADF29C0124E005783D9 /* HomeViewModelTests.swift */,
			);
			path = RickAndMortyTests;
			sourceTree = "<group>";
		};
		14F6D8A029BCBCEB00014632 = {
			isa = PBXGroup;
			children = (
				14F6D8AB29BCBCEB00014632 /* RickAndMorty */,
				14616AD729C01194005783D9 /* RickAndMortyTests */,
				14F6D8AA29BCBCEB00014632 /* Products */,
			);
			sourceTree = "<group>";
		};
		14F6D8AA29BCBCEB00014632 /* Products */ = {
			isa = PBXGroup;
			children = (
				14F6D8A929BCBCEB00014632 /* RickAndMorty.app */,
				14616AD629C01194005783D9 /* RickAndMortyTests.xctest */,
			);
			name = Products;
			sourceTree = "<group>";
		};
		14F6D8AB29BCBCEB00014632 /* RickAndMorty */ = {
			isa = PBXGroup;
			children = (
				14F6D8E729BF5F4800014632 /* Constants */,
				14F6D8C929BCCB2A00014632 /* Components */,
				14F6D8C829BCC7FE00014632 /* Delegates */,
				14F6D8C729BCC7EF00014632 /* ViewModels */,
				14F6D8C629BCC7E700014632 /* Models */,
				14F6D8C529BCC7DC00014632 /* Service */,
				14F6D8C429BCC7AF00014632 /* Utils */,
				14F6D8C029BCC1B000014632 /* Views */,
				14F6D8BA29BCBCED00014632 /* Info.plist */,
			);
			path = RickAndMorty;
			sourceTree = "<group>";
		};
		14F6D8C029BCC1B000014632 /* Views */ = {
			isa = PBXGroup;
			children = (
				14F6D8D929BD243300014632 /* Detail */,
				14F6D8C129BCC1BF00014632 /* Home */,
			);
			path = Views;
			sourceTree = "<group>";
		};
		14F6D8C129BCC1BF00014632 /* Home */ = {
			isa = PBXGroup;
			children = (
				14F6D8CC29BCCCA300014632 /* Cell */,
				14F6D8B029BCBCEB00014632 /* HomeViewController.swift */,
				14F6D8C229BCC1EB00014632 /* HomeScreen.swift */,
			);
			path = Home;
			sourceTree = "<group>";
		};
		14F6D8C429BCC7AF00014632 /* Utils */ = {
			isa = PBXGroup;
			children = (
				14F6D8B529BCBCED00014632 /* Assets.xcassets */,
				14F6D8B729BCBCED00014632 /* LaunchScreen.storyboard */,
			);
			path = Utils;
			sourceTree = "<group>";
		};
		14F6D8C529BCC7DC00014632 /* Service */ = {
			isa = PBXGroup;
			children = (
				14F6D8DE29BF595400014632 /* HomeService.swift */,
			);
			path = Service;
			sourceTree = "<group>";
		};
		14F6D8C629BCC7E700014632 /* Models */ = {
			isa = PBXGroup;
			children = (
				14F6D8E129BF5A6B00014632 /* CharacterModel.swift */,
				14F6D8E329BF5DA200014632 /* HomeModel.swift */,
				14F6D8E529BF5DE200014632 /* InfoCharactersModel.swift */,
			);
			path = Models;
			sourceTree = "<group>";
		};
		14F6D8C729BCC7EF00014632 /* ViewModels */ = {
			isa = PBXGroup;
			children = (
				14F6D8EA29BF608F00014632 /* HomeViewModel.swift */,
				14F6D8EE29BF69A400014632 /* DetailViewModel.swift */,
			);
			path = ViewModels;
			sourceTree = "<group>";
		};
		14F6D8C829BCC7FE00014632 /* Delegates */ = {
			isa = PBXGroup;
			children = (
				14F6D8AC29BCBCEB00014632 /* AppDelegate.swift */,
				14F6D8AE29BCBCEB00014632 /* SceneDelegate.swift */,
			);
			path = Delegates;
			sourceTree = "<group>";
		};
		14F6D8C929BCCB2A00014632 /* Components */ = {
			isa = PBXGroup;
			children = (
				14F6D92E29BF9CDF00014632 /* Protocols */,
				14F6D8CA29BCCB4800014632 /* ImageInNavigation.swift */,
				14F6D8D529BD209200014632 /* BackgroundImage.swift */,
				14F6D8D729BD22A000014632 /* ButtonShadow.swift */,
				14F6D8EC29BF64F800014632 /* ImageLoader.swift */,
			);
			path = Components;
			sourceTree = "<group>";
		};
		14F6D8CC29BCCCA300014632 /* Cell */ = {
			isa = PBXGroup;
			children = (
				14F6D8CD29BCCCCA00014632 /* CharactersCollectionViewCell.swift */,
			);
			path = Cell;
			sourceTree = "<group>";
		};
		14F6D8D929BD243300014632 /* Detail */ = {
			isa = PBXGroup;
			children = (
				14F6D8DA29BD245E00014632 /* DetailViewController.swift */,
				14F6D8DC29BD247100014632 /* DetailScreen.swift */,
			);
			path = Detail;
			sourceTree = "<group>";
		};
		14F6D8E729BF5F4800014632 /* Constants */ = {
			isa = PBXGroup;
			children = (
				14F6D8E829BF5F9C00014632 /* Constants.swift */,
			);
			path = Constants;
			sourceTree = "<group>";
		};
		14F6D92E29BF9CDF00014632 /* Protocols */ = {
			isa = PBXGroup;
			children = (
				14F6D92F29BF9CDF00014632 /* ViewCodable.swift */,
			);
			name = Protocols;
			path = ../../../../adjuve_ios_new/Adjuve_Condomino/Adjuve_Condomino/Components/Protocols;
			sourceTree = "<group>";
		};
/* End PBXGroup section */

/* Begin PBXNativeTarget section */
		14616AD529C01194005783D9 /* RickAndMortyTests */ = {
			isa = PBXNativeTarget;
			buildConfigurationList = 14616ADE29C01194005783D9 /* Build configuration list for PBXNativeTarget "RickAndMortyTests" */;
			buildPhases = (
				14616AD229C01194005783D9 /* Sources */,
				14616AD329C01194005783D9 /* Frameworks */,
				14616AD429C01194005783D9 /* Resources */,
			);
			buildRules = (
			);
			dependencies = (
				14616ADB29C01194005783D9 /* PBXTargetDependency */,
			);
			name = RickAndMortyTests;
			productName = RickAndMortyTests;
			productReference = 14616AD629C01194005783D9 /* RickAndMortyTests.xctest */;
			productType = "com.apple.product-type.bundle.unit-test";
		};
		14F6D8A829BCBCEB00014632 /* RickAndMorty */ = {
			isa = PBXNativeTarget;
			buildConfigurationList = 14F6D8BD29BCBCED00014632 /* Build configuration list for PBXNativeTarget "RickAndMorty" */;
			buildPhases = (
				14F6D8A529BCBCEB00014632 /* Sources */,
				14F6D8A629BCBCEB00014632 /* Frameworks */,
				14F6D8A729BCBCEB00014632 /* Resources */,
			);
			buildRules = (
			);
			dependencies = (
			);
			name = RickAndMorty;
			packageProductDependencies = (
			);
			productName = RickAndMorty;
			productReference = 14F6D8A929BCBCEB00014632 /* RickAndMorty.app */;
			productType = "com.apple.product-type.application";
		};
/* End PBXNativeTarget section */

/* Begin PBXProject section */
		14F6D8A129BCBCEB00014632 /* Project object */ = {
			isa = PBXProject;
			attributes = {
				BuildIndependentTargetsInParallel = 1;
				LastSwiftUpdateCheck = 1420;
				LastUpgradeCheck = 1420;
				TargetAttributes = {
					14616AD529C01194005783D9 = {
						CreatedOnToolsVersion = 14.2;
						TestTargetID = 14F6D8A829BCBCEB00014632;
					};
					14F6D8A829BCBCEB00014632 = {
						CreatedOnToolsVersion = 14.2;
					};
				};
			};
			buildConfigurationList = 14F6D8A429BCBCEB00014632 /* Build configuration list for PBXProject "RickAndMorty" */;
			compatibilityVersion = "Xcode 14.0";
			developmentRegion = en;
			hasScannedForEncodings = 0;
			knownRegions = (
				en,
				Base,
			);
			mainGroup = 14F6D8A029BCBCEB00014632;
			packageReferences = (
			);
			productRefGroup = 14F6D8AA29BCBCEB00014632 /* Products */;
			projectDirPath = "";
			projectRoot = "";
			targets = (
				14F6D8A829BCBCEB00014632 /* RickAndMorty */,
				14616AD529C01194005783D9 /* RickAndMortyTests */,
			);
		};
/* End PBXProject section */

/* Begin PBXResourcesBuildPhase section */
		14616AD429C01194005783D9 /* Resources */ = {
			isa = PBXResourcesBuildPhase;
			buildActionMask = 2147483647;
			files = (
			);
			runOnlyForDeploymentPostprocessing = 0;
		};
		14F6D8A729BCBCEB00014632 /* Resources */ = {
			isa = PBXResourcesBuildPhase;
			buildActionMask = 2147483647;
			files = (
				14F6D8B929BCBCED00014632 /* LaunchScreen.storyboard in Resources */,
				14F6D8B629BCBCED00014632 /* Assets.xcassets in Resources */,
			);
			runOnlyForDeploymentPostprocessing = 0;
		};
/* End PBXResourcesBuildPhase section */

/* Begin PBXSourcesBuildPhase section */
		14616AD229C01194005783D9 /* Sources */ = {
			isa = PBXSourcesBuildPhase;
			buildActionMask = 2147483647;
			files = (
				14616AD929C01194005783D9 /* RickAndMortyTests.swift in Sources */,
				14616AE029C0124E005783D9 /* HomeViewModelTests.swift in Sources */,
			);
			runOnlyForDeploymentPostprocessing = 0;
		};
		14F6D8A529BCBCEB00014632 /* Sources */ = {
			isa = PBXSourcesBuildPhase;
			buildActionMask = 2147483647;
			files = (
				14F6D8DD29BD247100014632 /* DetailScreen.swift in Sources */,
				14F6D8DB29BD245E00014632 /* DetailViewController.swift in Sources */,
				14F6D8CB29BCCB4800014632 /* ImageInNavigation.swift in Sources */,
				14F6D93029BF9CDF00014632 /* ViewCodable.swift in Sources */,
				14F6D8EB29BF608F00014632 /* HomeViewModel.swift in Sources */,
				14F6D8E629BF5DE200014632 /* InfoCharactersModel.swift in Sources */,
				14F6D8ED29BF64F800014632 /* ImageLoader.swift in Sources */,
				14F6D8C329BCC1EB00014632 /* HomeScreen.swift in Sources */,
				14F6D8E929BF5F9C00014632 /* Constants.swift in Sources */,
				14F6D8B129BCBCEB00014632 /* HomeViewController.swift in Sources */,
				14F6D8AD29BCBCEB00014632 /* AppDelegate.swift in Sources */,
				14F6D8CE29BCCCCA00014632 /* CharactersCollectionViewCell.swift in Sources */,
				14F6D8D629BD209200014632 /* BackgroundImage.swift in Sources */,
				14F6D8DF29BF595400014632 /* HomeService.swift in Sources */,
				14F6D8EF29BF69A400014632 /* DetailViewModel.swift in Sources */,
				14F6D8E429BF5DA200014632 /* HomeModel.swift in Sources */,
				14F6D8E229BF5A6B00014632 /* CharacterModel.swift in Sources */,
				14F6D8AF29BCBCEB00014632 /* SceneDelegate.swift in Sources */,
				14F6D8D829BD22A000014632 /* ButtonShadow.swift in Sources */,
			);
			runOnlyForDeploymentPostprocessing = 0;
		};
/* End PBXSourcesBuildPhase section */

/* Begin PBXTargetDependency section */
		14616ADB29C01194005783D9 /* PBXTargetDependency */ = {
			isa = PBXTargetDependency;
			target = 14F6D8A829BCBCEB00014632 /* RickAndMorty */;
			targetProxy = 14616ADA29C01194005783D9 /* PBXContainerItemProxy */;
		};
/* End PBXTargetDependency section */

/* Begin PBXVariantGroup section */
		14F6D8B729BCBCED00014632 /* LaunchScreen.storyboard */ = {
			isa = PBXVariantGroup;
			children = (
				14F6D8B829BCBCED00014632 /* Base */,
			);
			name = LaunchScreen.storyboard;
			sourceTree = "<group>";
		};
/* End PBXVariantGroup section */

/* Begin XCBuildConfiguration section */
		14616ADC29C01194005783D9 /* Debug */ = {
			isa = XCBuildConfiguration;
			buildSettings = {
				BUNDLE_LOADER = "$(TEST_HOST)";
				CODE_SIGN_STYLE = Automatic;
				CURRENT_PROJECT_VERSION = 1;
				DEVELOPMENT_TEAM = Z2VF3WM8XD;
				GENERATE_INFOPLIST_FILE = YES;
				MARKETING_VERSION = 1.0;
				PRODUCT_BUNDLE_IDENTIFIER = marcelo.RickAndMortyTests;
				PRODUCT_NAME = "$(TARGET_NAME)";
				SWIFT_EMIT_LOC_STRINGS = NO;
				SWIFT_VERSION = 5.0;
				TARGETED_DEVICE_FAMILY = "1,2";
				TEST_HOST = "$(BUILT_PRODUCTS_DIR)/RickAndMorty.app/$(BUNDLE_EXECUTABLE_FOLDER_PATH)/RickAndMorty";
			};
			name = Debug;
		};
		14616ADD29C01194005783D9 /* Release */ = {
			isa = XCBuildConfiguration;
			buildSettings = {
				BUNDLE_LOADER = "$(TEST_HOST)";
				CODE_SIGN_STYLE = Automatic;
				CURRENT_PROJECT_VERSION = 1;
				DEVELOPMENT_TEAM = Z2VF3WM8XD;
				GENERATE_INFOPLIST_FILE = YES;
				MARKETING_VERSION = 1.0;
				PRODUCT_BUNDLE_IDENTIFIER = marcelo.RickAndMortyTests;
				PRODUCT_NAME = "$(TARGET_NAME)";
				SWIFT_EMIT_LOC_STRINGS = NO;
				SWIFT_VERSION = 5.0;
				TARGETED_DEVICE_FAMILY = "1,2";
				TEST_HOST = "$(BUILT_PRODUCTS_DIR)/RickAndMorty.app/$(BUNDLE_EXECUTABLE_FOLDER_PATH)/RickAndMorty";
			};
			name = Release;
		};
		14F6D8BB29BCBCED00014632 /* Debug */ = {
			isa = XCBuildConfiguration;
			buildSettings = {
				ALWAYS_SEARCH_USER_PATHS = NO;
				CLANG_ANALYZER_NONNULL = YES;
				CLANG_ANALYZER_NUMBER_OBJECT_CONVERSION = YES_AGGRESSIVE;
				CLANG_CXX_LANGUAGE_STANDARD = "gnu++20";
				CLANG_ENABLE_MODULES = YES;
				CLANG_ENABLE_OBJC_ARC = YES;
				CLANG_ENABLE_OBJC_WEAK = YES;
				CLANG_WARN_BLOCK_CAPTURE_AUTORELEASING = YES;
				CLANG_WARN_BOOL_CONVERSION = YES;
				CLANG_WARN_COMMA = YES;
				CLANG_WARN_CONSTANT_CONVERSION = YES;
				CLANG_WARN_DEPRECATED_OBJC_IMPLEMENTATIONS = YES;
				CLANG_WARN_DIRECT_OBJC_ISA_USAGE = YES_ERROR;
				CLANG_WARN_DOCUMENTATION_COMMENTS = YES;
				CLANG_WARN_EMPTY_BODY = YES;
				CLANG_WARN_ENUM_CONVERSION = YES;
				CLANG_WARN_INFINITE_RECURSION = YES;
				CLANG_WARN_INT_CONVERSION = YES;
				CLANG_WARN_NON_LITERAL_NULL_CONVERSION = YES;
				CLANG_WARN_OBJC_IMPLICIT_RETAIN_SELF = YES;
				CLANG_WARN_OBJC_LITERAL_CONVERSION = YES;
				CLANG_WARN_OBJC_ROOT_CLASS = YES_ERROR;
				CLANG_WARN_QUOTED_INCLUDE_IN_FRAMEWORK_HEADER = YES;
				CLANG_WARN_RANGE_LOOP_ANALYSIS = YES;
				CLANG_WARN_STRICT_PROTOTYPES = YES;
				CLANG_WARN_SUSPICIOUS_MOVE = YES;
				CLANG_WARN_UNGUARDED_AVAILABILITY = YES_AGGRESSIVE;
				CLANG_WARN_UNREACHABLE_CODE = YES;
				CLANG_WARN__DUPLICATE_METHOD_MATCH = YES;
				COPY_PHASE_STRIP = NO;
				DEBUG_INFORMATION_FORMAT = dwarf;
				ENABLE_STRICT_OBJC_MSGSEND = YES;
				ENABLE_TESTABILITY = YES;
				GCC_C_LANGUAGE_STANDARD = gnu11;
				GCC_DYNAMIC_NO_PIC = NO;
				GCC_NO_COMMON_BLOCKS = YES;
				GCC_OPTIMIZATION_LEVEL = 0;
				GCC_PREPROCESSOR_DEFINITIONS = (
					"DEBUG=1",
					"$(inherited)",
				);
				GCC_WARN_64_TO_32_BIT_CONVERSION = YES;
				GCC_WARN_ABOUT_RETURN_TYPE = YES_ERROR;
				GCC_WARN_UNDECLARED_SELECTOR = YES;
				GCC_WARN_UNINITIALIZED_AUTOS = YES_AGGRESSIVE;
				GCC_WARN_UNUSED_FUNCTION = YES;
				GCC_WARN_UNUSED_VARIABLE = YES;
				IPHONEOS_DEPLOYMENT_TARGET = 16.2;
				MTL_ENABLE_DEBUG_INFO = INCLUDE_SOURCE;
				MTL_FAST_MATH = YES;
				ONLY_ACTIVE_ARCH = YES;
				SDKROOT = iphoneos;
				SWIFT_ACTIVE_COMPILATION_CONDITIONS = DEBUG;
				SWIFT_OPTIMIZATION_LEVEL = "-Onone";
			};
			name = Debug;
		};
		14F6D8BC29BCBCED00014632 /* Release */ = {
			isa = XCBuildConfiguration;
			buildSettings = {
				ALWAYS_SEARCH_USER_PATHS = NO;
				CLANG_ANALYZER_NONNULL = YES;
				CLANG_ANALYZER_NUMBER_OBJECT_CONVERSION = YES_AGGRESSIVE;
				CLANG_CXX_LANGUAGE_STANDARD = "gnu++20";
				CLANG_ENABLE_MODULES = YES;
				CLANG_ENABLE_OBJC_ARC = YES;
				CLANG_ENABLE_OBJC_WEAK = YES;
				CLANG_WARN_BLOCK_CAPTURE_AUTORELEASING = YES;
				CLANG_WARN_BOOL_CONVERSION = YES;
				CLANG_WARN_COMMA = YES;
				CLANG_WARN_CONSTANT_CONVERSION = YES;
				CLANG_WARN_DEPRECATED_OBJC_IMPLEMENTATIONS = YES;
				CLANG_WARN_DIRECT_OBJC_ISA_USAGE = YES_ERROR;
				CLANG_WARN_DOCUMENTATION_COMMENTS = YES;
				CLANG_WARN_EMPTY_BODY = YES;
				CLANG_WARN_ENUM_CONVERSION = YES;
				CLANG_WARN_INFINITE_RECURSION = YES;
				CLANG_WARN_INT_CONVERSION = YES;
				CLANG_WARN_NON_LITERAL_NULL_CONVERSION = YES;
				CLANG_WARN_OBJC_IMPLICIT_RETAIN_SELF = YES;
				CLANG_WARN_OBJC_LITERAL_CONVERSION = YES;
				CLANG_WARN_OBJC_ROOT_CLASS = YES_ERROR;
				CLANG_WARN_QUOTED_INCLUDE_IN_FRAMEWORK_HEADER = YES;
				CLANG_WARN_RANGE_LOOP_ANALYSIS = YES;
				CLANG_WARN_STRICT_PROTOTYPES = YES;
				CLANG_WARN_SUSPICIOUS_MOVE = YES;
				CLANG_WARN_UNGUARDED_AVAILABILITY = YES_AGGRESSIVE;
				CLANG_WARN_UNREACHABLE_CODE = YES;
				CLANG_WARN__DUPLICATE_METHOD_MATCH = YES;
				COPY_PHASE_STRIP = NO;
				DEBUG_INFORMATION_FORMAT = "dwarf-with-dsym";
				ENABLE_NS_ASSERTIONS = NO;
				ENABLE_STRICT_OBJC_MSGSEND = YES;
				GCC_C_LANGUAGE_STANDARD = gnu11;
				GCC_NO_COMMON_BLOCKS = YES;
				GCC_WARN_64_TO_32_BIT_CONVERSION = YES;
				GCC_WARN_ABOUT_RETURN_TYPE = YES_ERROR;
				GCC_WARN_UNDECLARED_SELECTOR = YES;
				GCC_WARN_UNINITIALIZED_AUTOS = YES_AGGRESSIVE;
				GCC_WARN_UNUSED_FUNCTION = YES;
				GCC_WARN_UNUSED_VARIABLE = YES;
				IPHONEOS_DEPLOYMENT_TARGET = 16.2;
				MTL_ENABLE_DEBUG_INFO = NO;
				MTL_FAST_MATH = YES;
				SDKROOT = iphoneos;
				SWIFT_COMPILATION_MODE = wholemodule;
				SWIFT_OPTIMIZATION_LEVEL = "-O";
				VALIDATE_PRODUCT = YES;
			};
			name = Release;
		};
		14F6D8BE29BCBCED00014632 /* Debug */ = {
			isa = XCBuildConfiguration;
			buildSettings = {
				ASSETCATALOG_COMPILER_APPICON_NAME = AppIcon;
				ASSETCATALOG_COMPILER_GLOBAL_ACCENT_COLOR_NAME = AccentColor;
				CODE_SIGN_STYLE = Automatic;
				CURRENT_PROJECT_VERSION = 1;
				DEVELOPMENT_TEAM = Z2VF3WM8XD;
				GENERATE_INFOPLIST_FILE = YES;
				INFOPLIST_FILE = RickAndMorty/Info.plist;
				INFOPLIST_KEY_UIApplicationSupportsIndirectInputEvents = YES;
				INFOPLIST_KEY_UILaunchStoryboardName = LaunchScreen;
				INFOPLIST_KEY_UISupportedInterfaceOrientations_iPad = "UIInterfaceOrientationPortrait UIInterfaceOrientationPortraitUpsideDown UIInterfaceOrientationLandscapeLeft UIInterfaceOrientationLandscapeRight";
				INFOPLIST_KEY_UISupportedInterfaceOrientations_iPhone = "UIInterfaceOrientationPortrait UIInterfaceOrientationLandscapeLeft UIInterfaceOrientationLandscapeRight";
				LD_RUNPATH_SEARCH_PATHS = (
					"$(inherited)",
					"@executable_path/Frameworks",
				);
				MARKETING_VERSION = 1.0;
				PRODUCT_BUNDLE_IDENTIFIER = marcelo.RickAndMorty;
				PRODUCT_NAME = "$(TARGET_NAME)";
				SUPPORTED_PLATFORMS = "iphoneos iphonesimulator";
				SUPPORTS_MACCATALYST = NO;
				SUPPORTS_MAC_DESIGNED_FOR_IPHONE_IPAD = NO;
				SWIFT_EMIT_LOC_STRINGS = YES;
				SWIFT_VERSION = 5.0;
				TARGETED_DEVICE_FAMILY = 1;
			};
			name = Debug;
		};
		14F6D8BF29BCBCED00014632 /* Release */ = {
			isa = XCBuildConfiguration;
			buildSettings = {
				ASSETCATALOG_COMPILER_APPICON_NAME = AppIcon;
				ASSETCATALOG_COMPILER_GLOBAL_ACCENT_COLOR_NAME = AccentColor;
				CODE_SIGN_STYLE = Automatic;
				CURRENT_PROJECT_VERSION = 1;
				DEVELOPMENT_TEAM = Z2VF3WM8XD;
				GENERATE_INFOPLIST_FILE = YES;
				INFOPLIST_FILE = RickAndMorty/Info.plist;
				INFOPLIST_KEY_UIApplicationSupportsIndirectInputEvents = YES;
				INFOPLIST_KEY_UILaunchStoryboardName = LaunchScreen;
				INFOPLIST_KEY_UISupportedInterfaceOrientations_iPad = "UIInterfaceOrientationPortrait UIInterfaceOrientationPortraitUpsideDown UIInterfaceOrientationLandscapeLeft UIInterfaceOrientationLandscapeRight";
				INFOPLIST_KEY_UISupportedInterfaceOrientations_iPhone = "UIInterfaceOrientationPortrait UIInterfaceOrientationLandscapeLeft UIInterfaceOrientationLandscapeRight";
				LD_RUNPATH_SEARCH_PATHS = (
					"$(inherited)",
					"@executable_path/Frameworks",
				);
				MARKETING_VERSION = 1.0;
				PRODUCT_BUNDLE_IDENTIFIER = marcelo.RickAndMorty;
				PRODUCT_NAME = "$(TARGET_NAME)";
				SUPPORTED_PLATFORMS = "iphoneos iphonesimulator";
				SUPPORTS_MACCATALYST = NO;
				SUPPORTS_MAC_DESIGNED_FOR_IPHONE_IPAD = NO;
				SWIFT_EMIT_LOC_STRINGS = YES;
				SWIFT_VERSION = 5.0;
				TARGETED_DEVICE_FAMILY = 1;
			};
			name = Release;
		};
/* End XCBuildConfiguration section */

/* Begin XCConfigurationList section */
		14616ADE29C01194005783D9 /* Build configuration list for PBXNativeTarget "RickAndMortyTests" */ = {
			isa = XCConfigurationList;
			buildConfigurations = (
				14616ADC29C01194005783D9 /* Debug */,
				14616ADD29C01194005783D9 /* Release */,
			);
			defaultConfigurationIsVisible = 0;
			defaultConfigurationName = Release;
		};
		14F6D8A429BCBCEB00014632 /* Build configuration list for PBXProject "RickAndMorty" */ = {
			isa = XCConfigurationList;
			buildConfigurations = (
				14F6D8BB29BCBCED00014632 /* Debug */,
				14F6D8BC29BCBCED00014632 /* Release */,
			);
			defaultConfigurationIsVisible = 0;
			defaultConfigurationName = Release;
		};
		14F6D8BD29BCBCED00014632 /* Build configuration list for PBXNativeTarget "RickAndMorty" */ = {
			isa = XCConfigurationList;
			buildConfigurations = (
				14F6D8BE29BCBCED00014632 /* Debug */,
				14F6D8BF29BCBCED00014632 /* Release */,
			);
			defaultConfigurationIsVisible = 0;
			defaultConfigurationName = Release;
		};
/* End XCConfigurationList section */
	};
	rootObject = 14F6D8A129BCBCEB00014632 /* Project object */;
}
